
Microsoft Visual Studio Solution File, Format Version 12.00
# Visual Studio 2015
Project("{FAE04EC0-301F-11D3-BF4B-00C04F79EFBC}") = "Basic VR test", "Basic VR test.csproj", "{4BACA423-DA77-8A58-ABA4-4B044B481FD9}"
EndProject
Project("{FAE04EC0-301F-11D3-BF4B-00C04F79EFBC}") = "Basic VR test.Editor", "Basic VR test.Editor.csproj", "{5FAEFA57-C260-6FF9-6C36-AC4AD32A6767}"
EndProject
Global
	GlobalSection(SolutionConfigurationPlatforms) = preSolution
		Debug|Any CPU = Debug|Any CPU
		Release|Any CPU = Release|Any CPU
	EndGlobalSection
	GlobalSection(ProjectConfigurationPlatforms) = postSolution
		{4BACA423-DA77-8A58-ABA4-4B044B481FD9}.Debug|Any CPU.ActiveCfg = Debug|Any CPU
		{4BACA423-DA77-8A58-ABA4-4B044B481FD9}.Debug|Any CPU.Build.0 = Debug|Any CPU
		{4BACA423-DA77-8A58-ABA4-4B044B481FD9}.Release|Any CPU.ActiveCfg = Release|Any CPU
		{4BACA423-DA77-8A58-ABA4-4B044B481FD9}.Release|Any CPU.Build.0 = Release|Any CPU
		{5FAEFA57-C260-6FF9-6C36-AC4AD32A6767}.Debug|Any CPU.ActiveCfg = Debug|Any CPU
		{5FAEFA57-C260-6FF9-6C36-AC4AD32A6767}.Debug|Any CPU.Build.0 = Debug|Any CPU
		{5FAEFA57-C260-6FF9-6C36-AC4AD32A6767}.Release|Any CPU.ActiveCfg = Release|Any CPU
		{5FAEFA57-C260-6FF9-6C36-AC4AD32A6767}.Release|Any CPU.Build.0 = Release|Any CPU
	EndGlobalSection
	GlobalSection(SolutionProperties) = preSolution
		HideSolutionNode = FALSE
	EndGlobalSection
EndGlobal
